// !$*UTF8*$!
{
	archiveVersion = 1;
	classes = {
	};
	objectVersion = 50;
	objects = {

/* Begin PBXBuildFile section */
		0F21945F26E98A5C00E058FF /* AppDelegate.swift in Sources */ = {isa = PBXBuildFile; fileRef = 0F21945E26E98A5C00E058FF /* AppDelegate.swift */; };
		0F21946126E98A5C00E058FF /* SceneDelegate.swift in Sources */ = {isa = PBXBuildFile; fileRef = 0F21946026E98A5C00E058FF /* SceneDelegate.swift */; };
		0F21946326E98A5C00E058FF /* ViewController.swift in Sources */ = {isa = PBXBuildFile; fileRef = 0F21946226E98A5C00E058FF /* ViewController.swift */; };
		0F21946626E98A5C00E058FF /* Main.storyboard in Resources */ = {isa = PBXBuildFile; fileRef = 0F21946426E98A5C00E058FF /* Main.storyboard */; };
		0F21946826E98A5D00E058FF /* Assets.xcassets in Resources */ = {isa = PBXBuildFile; fileRef = 0F21946726E98A5D00E058FF /* Assets.xcassets */; };
		0F21946B26E98A5D00E058FF /* LaunchScreen.storyboard in Resources */ = {isa = PBXBuildFile; fileRef = 0F21946926E98A5D00E058FF /* LaunchScreen.storyboard */; };
		0F21947626E98A5D00E058FF /* PreworkTests.swift in Sources */ = {isa = PBXBuildFile; fileRef = 0F21947526E98A5D00E058FF /* PreworkTests.swift */; };
		0F21948126E98A5D00E058FF /* PreworkUITests.swift in Sources */ = {isa = PBXBuildFile; fileRef = 0F21948026E98A5D00E058FF /* PreworkUITests.swift */; };
/* End PBXBuildFile section */

/* Begin PBXContainerItemProxy section */
		0F21947226E98A5D00E058FF /* PBXContainerItemProxy */ = {
			isa = PBXContainerItemProxy;
			containerPortal = 0F21945326E98A5C00E058FF /* Project object */;
			proxyType = 1;
			remoteGlobalIDString = 0F21945A26E98A5C00E058FF;
			remoteInfo = Prework;
		};
		0F21947D26E98A5D00E058FF /* PBXContainerItemProxy */ = {
			isa = PBXContainerItemProxy;
			containerPortal = 0F21945326E98A5C00E058FF /* Project object */;
			proxyType = 1;
			remoteGlobalIDString = 0F21945A26E98A5C00E058FF;
			remoteInfo = Prework;
		};
/* End PBXContainerItemProxy section */

/* Begin PBXFileReference section */
		0F21945B26E98A5C00E058FF /* Prework.app */ = {isa = PBXFileReference; explicitFileType = wrapper.application; includeInIndex = 0; path = Prework.app; sourceTree = BUILT_PRODUCTS_DIR; };
		0F21945E26E98A5C00E058FF /* AppDelegate.swift */ = {isa = PBXFileReference; lastKnownFileType = sourcecode.swift; path = AppDelegate.swift; sourceTree = "<group>"; };
		0F21946026E98A5C00E058FF /* SceneDelegate.swift */ = {isa = PBXFileReference; lastKnownFileType = sourcecode.swift; path = SceneDelegate.swift; sourceTree = "<group>"; };
		0F21946226E98A5C00E058FF /* ViewController.swift */ = {isa = PBXFileReference; lastKnownFileType = sourcecode.swift; path = ViewController.swift; sourceTree = "<group>"; };
		0F21946526E98A5C00E058FF /* Base */ = {isa = PBXFileReference; lastKnownFileType = file.storyboard; name = Base; path = Base.lproj/Main.storyboard; sourceTree = "<group>"; };
		0F21946726E98A5D00E058FF /* Assets.xcassets */ = {isa = PBXFileReference; lastKnownFileType = folder.assetcatalog; path = Assets.xcassets; sourceTree = "<group>"; };
		0F21946A26E98A5D00E058FF /* Base */ = {isa = PBXFileReference; lastKnownFileType = file.storyboard; name = Base; path = Base.lproj/LaunchScreen.storyboard; sourceTree = "<group>"; };
		0F21946C26E98A5D00E058FF /* Info.plist */ = {isa = PBXFileReference; lastKnownFileType = text.plist.xml; path = Info.plist; sourceTree = "<group>"; };
		0F21947126E98A5D00E058FF /* PreworkTests.xctest */ = {isa = PBXFileReference; explicitFileType = wrapper.cfbundle; includeInIndex = 0; path = PreworkTests.xctest; sourceTree = BUILT_PRODUCTS_DIR; };
		0F21947526E98A5D00E058FF /* PreworkTests.swift */ = {isa = PBXFileReference; lastKnownFileType = sourcecode.swift; path = PreworkTests.swift; sourceTree = "<group>"; };
		0F21947726E98A5D00E058FF /* Info.plist */ = {isa = PBXFileReference; lastKnownFileType = text.plist.xml; path = Info.plist; sourceTree = "<group>"; };
		0F21947C26E98A5D00E058FF /* PreworkUITests.xctest */ = {isa = PBXFileReference; explicitFileType = wrapper.cfbundle; includeInIndex = 0; path = PreworkUITests.xctest; sourceTree = BUILT_PRODUCTS_DIR; };
		0F21948026E98A5D00E058FF /* PreworkUITests.swift */ = {isa = PBXFileReference; lastKnownFileType = sourcecode.swift; path = PreworkUITests.swift; sourceTree = "<group>"; };
		0F21948226E98A5D00E058FF /* Info.plist */ = {isa = PBXFileReference; lastKnownFileType = text.plist.xml; path = Info.plist; sourceTree = "<group>"; };
/* End PBXFileReference section */

/* Begin PBXFrameworksBuildPhase section */
		0F21945826E98A5C00E058FF /* Frameworks */ = {
			isa = PBXFrameworksBuildPhase;
			buildActionMask = 2147483647;
			files = (
			);
			runOnlyForDeploymentPostprocessing = 0;
		};
		0F21946E26E98A5D00E058FF /* Frameworks */ = {
			isa = PBXFrameworksBuildPhase;
			buildActionMask = 2147483647;
			files = (
			);
			runOnlyForDeploymentPostprocessing = 0;
		};
		0F21947926E98A5D00E058FF /* Frameworks */ = {
			isa = PBXFrameworksBuildPhase;
			buildActionMask = 2147483647;
			files = (
			);
			runOnlyForDeploymentPostprocessing = 0;
		};
/* End PBXFrameworksBuildPhase section */

/* Begin PBXGroup section */
		0F21945226E98A5C00E058FF = {
			isa = PBXGroup;
			children = (
				0F21945D26E98A5C00E058FF /* Prework */,
				0F21947426E98A5D00E058FF /* PreworkTests */,
				0F21947F26E98A5D00E058FF /* PreworkUITests */,
				0F21945C26E98A5C00E058FF /* Products */,
			);
			sourceTree = "<group>";
		};
		0F21945C26E98A5C00E058FF /* Products */ = {
			isa = PBXGroup;
			children = (
				0F21945B26E98A5C00E058FF /* Prework.app */,
				0F21947126E98A5D00E058FF /* PreworkTests.xctest */,
				0F21947C26E98A5D00E058FF /* PreworkUITests.xctest */,
			);
			name = Products;
			sourceTree = "<group>";
		};
		0F21945D26E98A5C00E058FF /* Prework */ = {
			isa = PBXGroup;
			children = (
				0F21945E26E98A5C00E058FF /* AppDelegate.swift */,
				0F21946026E98A5C00E058FF /* SceneDelegate.swift */,
				0F21946226E98A5C00E058FF /* ViewController.swift */,
				0F21946426E98A5C00E058FF /* Main.storyboard */,
				0F21946726E98A5D00E058FF /* Assets.xcassets */,
				0F21946926E98A5D00E058FF /* LaunchScreen.storyboard */,
				0F21946C26E98A5D00E058FF /* Info.plist */,
			);
			path = Prework;
			sourceTree = "<group>";
		};
		0F21947426E98A5D00E058FF /* PreworkTests */ = {
			isa = PBXGroup;
			children = (
				0F21947526E98A5D00E058FF /* PreworkTests.swift */,
				0F21947726E98A5D00E058FF /* Info.plist */,
			);
			path = PreworkTests;
			sourceTree = "<group>";
		};
		0F21947F26E98A5D00E058FF /* PreworkUITests */ = {
			isa = PBXGroup;
			children = (
				0F21948026E98A5D00E058FF /* PreworkUITests.swift */,
				0F21948226E98A5D00E058FF /* Info.plist */,
			);
			path = PreworkUITests;
			sourceTree = "<group>";
		};
/* End PBXGroup section */

/* Begin PBXNativeTarget section */
		0F21945A26E98A5C00E058FF /* Prework */ = {
			isa = PBXNativeTarget;
			buildConfigurationList = 0F21948526E98A5D00E058FF /* Build configuration list for PBXNativeTarget "Prework" */;
			buildPhases = (
				0F21945726E98A5C00E058FF /* Sources */,
				0F21945826E98A5C00E058FF /* Frameworks */,
				0F21945926E98A5C00E058FF /* Resources */,
			);
			buildRules = (
			);
			dependencies = (
			);
			name = Prework;
			productName = Prework;
			productReference = 0F21945B26E98A5C00E058FF /* Prework.app */;
			productType = "com.apple.product-type.application";
		};
		0F21947026E98A5D00E058FF /* PreworkTests */ = {
			isa = PBXNativeTarget;
			buildConfigurationList = 0F21948826E98A5D00E058FF /* Build configuration list for PBXNativeTarget "PreworkTests" */;
			buildPhases = (
				0F21946D26E98A5D00E058FF /* Sources */,
				0F21946E26E98A5D00E058FF /* Frameworks */,
				0F21946F26E98A5D00E058FF /* Resources */,
			);
			buildRules = (
			);
			dependencies = (
				0F21947326E98A5D00E058FF /* PBXTargetDependency */,
			);
			name = PreworkTests;
			productName = PreworkTests;
			productReference = 0F21947126E98A5D00E058FF /* PreworkTests.xctest */;
			productType = "com.apple.product-type.bundle.unit-test";
		};
		0F21947B26E98A5D00E058FF /* PreworkUITests */ = {
			isa = PBXNativeTarget;
			buildConfigurationList = 0F21948B26E98A5D00E058FF /* Build configuration list for PBXNativeTarget "PreworkUITests" */;
			buildPhases = (
				0F21947826E98A5D00E058FF /* Sources */,
				0F21947926E98A5D00E058FF /* Frameworks */,
				0F21947A26E98A5D00E058FF /* Resources */,
			);
			buildRules = (
			);
			dependencies = (
				0F21947E26E98A5D00E058FF /* PBXTargetDependency */,
			);
			name = PreworkUITests;
			productName = PreworkUITests;
			productReference = 0F21947C26E98A5D00E058FF /* PreworkUITests.xctest */;
			productType = "com.apple.product-type.bundle.ui-testing";
		};
/* End PBXNativeTarget section */

/* Begin PBXProject section */
		0F21945326E98A5C00E058FF /* Project object */ = {
			isa = PBXProject;
			attributes = {
				LastSwiftUpdateCheck = 1250;
				LastUpgradeCheck = 1250;
				TargetAttributes = {
					0F21945A26E98A5C00E058FF = {
						CreatedOnToolsVersion = 12.5.1;
					};
					0F21947026E98A5D00E058FF = {
						CreatedOnToolsVersion = 12.5.1;
						TestTargetID = 0F21945A26E98A5C00E058FF;
					};
					0F21947B26E98A5D00E058FF = {
						CreatedOnToolsVersion = 12.5.1;
						TestTargetID = 0F21945A26E98A5C00E058FF;
					};
				};
			};
			buildConfigurationList = 0F21945626E98A5C00E058FF /* Build configuration list for PBXProject "Prework" */;
			compatibilityVersion = "Xcode 9.3";
			developmentRegion = en;
			hasScannedForEncodings = 0;
			knownRegions = (
				en,
				Base,
			);
			mainGroup = 0F21945226E98A5C00E058FF;
			productRefGroup = 0F21945C26E98A5C00E058FF /* Products */;
			projectDirPath = "";
			projectRoot = "";
			targets = (
				0F21945A26E98A5C00E058FF /* Prework */,
				0F21947026E98A5D00E058FF /* PreworkTests */,
				0F21947B26E98A5D00E058FF /* PreworkUITests */,
			);
		};
/* End PBXProject section */

/* Begin PBXResourcesBuildPhase section */
		0F21945926E98A5C00E058FF /* Resources */ = {
			isa = PBXResourcesBuildPhase;
			buildActionMask = 2147483647;
			files = (
				0F21946B26E98A5D00E058FF /* LaunchScreen.storyboard in Resources */,
				0F21946826E98A5D00E058FF /* Assets.xcassets in Resources */,
				0F21946626E98A5C00E058FF /* Main.storyboard in Resources */,
			);
			runOnlyForDeploymentPostprocessing = 0;
		};
		0F21946F26E98A5D00E058FF /* Resources */ = {
			isa = PBXResourcesBuildPhase;
			buildActionMask = 2147483647;
			files = (
			);
			runOnlyForDeploymentPostprocessing = 0;
		};
		0F21947A26E98A5D00E058FF /* Resources */ = {
			isa = PBXResourcesBuildPhase;
			buildActionMask = 2147483647;
			files = (
			);
			runOnlyForDeploymentPostprocessing = 0;
		};
/* End PBXResourcesBuildPhase section */

/* Begin PBXSourcesBuildPhase section */
		0F21945726E98A5C00E058FF /* Sources */ = {
			isa = PBXSourcesBuildPhase;
			buildActionMask = 2147483647;
			files = (
				0F21946326E98A5C00E058FF /* ViewController.swift in Sources */,
				0F21945F26E98A5C00E058FF /* AppDelegate.swift in Sources */,
				0F21946126E98A5C00E058FF /* SceneDelegate.swift in Sources */,
			);
			runOnlyForDeploymentPostprocessing = 0;
		};
		0F21946D26E98A5D00E058FF /* Sources */ = {
			isa = PBXSourcesBuildPhase;
			buildActionMask = 2147483647;
			files = (
				0F21947626E98A5D00E058FF /* PreworkTests.swift in Sources */,
			);
			runOnlyForDeploymentPostprocessing = 0;
		};
		0F21947826E98A5D00E058FF /* Sources */ = {
			isa = PBXSourcesBuildPhase;
			buildActionMask = 2147483647;
			files = (
				0F21948126E98A5D00E058FF /* PreworkUITests.swift in Sources */,
			);
			runOnlyForDeploymentPostprocessing = 0;
		};
/* End PBXSourcesBuildPhase section */

/* Begin PBXTargetDependency section */
		0F21947326E98A5D00E058FF /* PBXTargetDependency */ = {
			isa = PBXTargetDependency;
			target = 0F21945A26E98A5C00E058FF /* Prework */;
			targetProxy = 0F21947226E98A5D00E058FF /* PBXContainerItemProxy */;
		};
		0F21947E26E98A5D00E058FF /* PBXTargetDependency */ = {
			isa = PBXTargetDependency;
			target = 0F21945A26E98A5C00E058FF /* Prework */;
			targetProxy = 0F21947D26E98A5D00E058FF /* PBXContainerItemProxy */;
		};
/* End PBXTargetDependency section */

/* Begin PBXVariantGroup section */
		0F21946426E98A5C00E058FF /* Main.storyboard */ = {
			isa = PBXVariantGroup;
			children = (
				0F21946526E98A5C00E058FF /* Base */,
			);
			name = Main.storyboard;
			sourceTree = "<group>";
		};
		0F21946926E98A5D00E058FF /* LaunchScreen.storyboard */ = {
			isa = PBXVariantGroup;
			children = (
				0F21946A26E98A5D00E058FF /* Base */,
			);
			name = LaunchScreen.storyboard;
			sourceTree = "<group>";
		};
/* End PBXVariantGroup section */

/* Begin XCBuildConfiguration section */
		0F21948326E98A5D00E058FF /* Debug */ = {
			isa = XCBuildConfiguration;
			buildSettings = {
				ALWAYS_SEARCH_USER_PATHS = NO;
				CLANG_ANALYZER_NONNULL = YES;
				CLANG_ANALYZER_NUMBER_OBJECT_CONVERSION = YES_AGGRESSIVE;
				CLANG_CXX_LANGUAGE_STANDARD = "gnu++14";
				CLANG_CXX_LIBRARY = "libc++";
				CLANG_ENABLE_MODULES = YES;
				CLANG_ENABLE_OBJC_ARC = YES;
				CLANG_ENABLE_OBJC_WEAK = YES;
				CLANG_WARN_BLOCK_CAPTURE_AUTORELEASING = YES;
				CLANG_WARN_BOOL_CONVERSION = YES;
				CLANG_WARN_COMMA = YES;
				CLANG_WARN_CONSTANT_CONVERSION = YES;
				CLANG_WARN_DEPRECATED_OBJC_IMPLEMENTATIONS = YES;
				CLANG_WARN_DIRECT_OBJC_ISA_USAGE = YES_ERROR;
				CLANG_WARN_DOCUMENTATION_COMMENTS = YES;
				CLANG_WARN_EMPTY_BODY = YES;
				CLANG_WARN_ENUM_CONVERSION = YES;
				CLANG_WARN_INFINITE_RECURSION = YES;
				CLANG_WARN_INT_CONVERSION = YES;
				CLANG_WARN_NON_LITERAL_NULL_CONVERSION = YES;
				CLANG_WARN_OBJC_IMPLICIT_RETAIN_SELF = YES;
				CLANG_WARN_OBJC_LITERAL_CONVERSION = YES;
				CLANG_WARN_OBJC_ROOT_CLASS = YES_ERROR;
				CLANG_WARN_QUOTED_INCLUDE_IN_FRAMEWORK_HEADER = YES;
				CLANG_WARN_RANGE_LOOP_ANALYSIS = YES;
				CLANG_WARN_STRICT_PROTOTYPES = YES;
				CLANG_WARN_SUSPICIOUS_MOVE = YES;
				CLANG_WARN_UNGUARDED_AVAILABILITY = YES_AGGRESSIVE;
				CLANG_WARN_UNREACHABLE_CODE = YES;
				CLANG_WARN__DUPLICATE_METHOD_MATCH = YES;
				COPY_PHASE_STRIP = NO;
				DEBUG_INFORMATION_FORMAT = dwarf;
				ENABLE_STRICT_OBJC_MSGSEND = YES;
				ENABLE_TESTABILITY = YES;
				GCC_C_LANGUAGE_STANDARD = gnu11;
				GCC_DYNAMIC_NO_PIC = NO;
				GCC_NO_COMMON_BLOCKS = YES;
				GCC_OPTIMIZATION_LEVEL = 0;
				GCC_PREPROCESSOR_DEFINITIONS = (
					"DEBUG=1",
					"$(inherited)",
				);
				GCC_WARN_64_TO_32_BIT_CONVERSION = YES;
				GCC_WARN_ABOUT_RETURN_TYPE = YES_ERROR;
				GCC_WARN_UNDECLARED_SELECTOR = YES;
				GCC_WARN_UNINITIALIZED_AUTOS = YES_AGGRESSIVE;
				GCC_WARN_UNUSED_FUNCTION = YES;
				GCC_WARN_UNUSED_VARIABLE = YES;
				IPHONEOS_DEPLOYMENT_TARGET = 14.5;
				MTL_ENABLE_DEBUG_INFO = INCLUDE_SOURCE;
				MTL_FAST_MATH = YES;
				ONLY_ACTIVE_ARCH = YES;
				SDKROOT = iphoneos;
				SWIFT_ACTIVE_COMPILATION_CONDITIONS = DEBUG;
				SWIFT_OPTIMIZATION_LEVEL = "-Onone";
			};
			name = Debug;
		};
		0F21948426E98A5D00E058FF /* Release */ = {
			isa = XCBuildConfiguration;
			buildSettings = {
				ALWAYS_SEARCH_USER_PATHS = NO;
				CLANG_ANALYZER_NONNULL = YES;
				CLANG_ANALYZER_NUMBER_OBJECT_CONVERSION = YES_AGGRESSIVE;
				CLANG_CXX_LANGUAGE_STANDARD = "gnu++14";
				CLANG_CXX_LIBRARY = "libc++";
				CLANG_ENABLE_MODULES = YES;
				CLANG_ENABLE_OBJC_ARC = YES;
				CLANG_ENABLE_OBJC_WEAK = YES;
				CLANG_WARN_BLOCK_CAPTURE_AUTORELEASING = YES;
				CLANG_WARN_BOOL_CONVERSION = YES;
				CLANG_WARN_COMMA = YES;
				CLANG_WARN_CONSTANT_CONVERSION = YES;
				CLANG_WARN_DEPRECATED_OBJC_IMPLEMENTATIONS = YES;
				CLANG_WARN_DIRECT_OBJC_ISA_USAGE = YES_ERROR;
				CLANG_WARN_DOCUMENTATION_COMMENTS = YES;
				CLANG_WARN_EMPTY_BODY = YES;
				CLANG_WARN_ENUM_CONVERSION = YES;
				CLANG_WARN_INFINITE_RECURSION = YES;
				CLANG_WARN_INT_CONVERSION = YES;
				CLANG_WARN_NON_LITERAL_NULL_CONVERSION = YES;
				CLANG_WARN_OBJC_IMPLICIT_RETAIN_SELF = YES;
				CLANG_WARN_OBJC_LITERAL_CONVERSION = YES;
				CLANG_WARN_OBJC_ROOT_CLASS = YES_ERROR;
				CLANG_WARN_QUOTED_INCLUDE_IN_FRAMEWORK_HEADER = YES;
				CLANG_WARN_RANGE_LOOP_ANALYSIS = YES;
				CLANG_WARN_STRICT_PROTOTYPES = YES;
				CLANG_WARN_SUSPICIOUS_MOVE = YES;
				CLANG_WARN_UNGUARDED_AVAILABILITY = YES_AGGRESSIVE;
				CLANG_WARN_UNREACHABLE_CODE = YES;
				CLANG_WARN__DUPLICATE_METHOD_MATCH = YES;
				COPY_PHASE_STRIP = NO;
				DEBUG_INFORMATION_FORMAT = "dwarf-with-dsym";
				ENABLE_NS_ASSERTIONS = NO;
				ENABLE_STRICT_OBJC_MSGSEND = YES;
				GCC_C_LANGUAGE_STANDARD = gnu11;
				GCC_NO_COMMON_BLOCKS = YES;
				GCC_WARN_64_TO_32_BIT_CONVERSION = YES;
				GCC_WARN_ABOUT_RETURN_TYPE = YES_ERROR;
				GCC_WARN_UNDECLARED_SELECTOR = YES;
				GCC_WARN_UNINITIALIZED_AUTOS = YES_AGGRESSIVE;
				GCC_WARN_UNUSED_FUNCTION = YES;
				GCC_WARN_UNUSED_VARIABLE = YES;
				IPHONEOS_DEPLOYMENT_TARGET = 14.5;
				MTL_ENABLE_DEBUG_INFO = NO;
				MTL_FAST_MATH = YES;
				SDKROOT = iphoneos;
				SWIFT_COMPILATION_MODE = wholemodule;
				SWIFT_OPTIMIZATION_LEVEL = "-O";
				VALIDATE_PRODUCT = YES;
			};
			name = Release;
		};
		0F21948626E98A5D00E058FF /* Debug */ = {
			isa = XCBuildConfiguration;
			buildSettings = {
				ASSETCATALOG_COMPILER_APPICON_NAME = AppIcon;
				ASSETCATALOG_COMPILER_GLOBAL_ACCENT_COLOR_NAME = AccentColor;
				CODE_SIGN_STYLE = Automatic;
				INFOPLIST_FILE = Prework/Info.plist;
				LD_RUNPATH_SEARCH_PATHS = (
					"$(inherited)",
					"@executable_path/Frameworks",
				);
				PRODUCT_BUNDLE_IDENTIFIER = init.Prework;
				PRODUCT_NAME = "$(TARGET_NAME)";
				SWIFT_VERSION = 5.0;
				TARGETED_DEVICE_FAMILY = "1,2";
			};
			name = Debug;
		};
		0F21948726E98A5D00E058FF /* Release */ = {
			isa = XCBuildConfiguration;
			buildSettings = {
				ASSETCATALOG_COMPILER_APPICON_NAME = AppIcon;
				ASSETCATALOG_COMPILER_GLOBAL_ACCENT_COLOR_NAME = AccentColor;
				CODE_SIGN_STYLE = Automatic;
				INFOPLIST_FILE = Prework/Info.plist;
				LD_RUNPATH_SEARCH_PATHS = (
					"$(inherited)",
					"@executable_path/Frameworks",
				);
				PRODUCT_BUNDLE_IDENTIFIER = init.Prework;
				PRODUCT_NAME = "$(TARGET_NAME)";
				SWIFT_VERSION = 5.0;
				TARGETED_DEVICE_FAMILY = "1,2";
			};
			name = Release;
		};
		0F21948926E98A5D00E058FF /* Debug */ = {
			isa = XCBuildConfiguration;
			buildSettings = {
				ALWAYS_EMBED_SWIFT_STANDARD_LIBRARIES = YES;
				BUNDLE_LOADER = "$(TEST_HOST)";
				CODE_SIGN_STYLE = Automatic;
				INFOPLIST_FILE = PreworkTests/Info.plist;
				IPHONEOS_DEPLOYMENT_TARGET = 14.5;
				LD_RUNPATH_SEARCH_PATHS = (
					"$(inherited)",
					"@executable_path/Frameworks",
					"@loader_path/Frameworks",
				);
				PRODUCT_BUNDLE_IDENTIFIER = init.PreworkTests;
				PRODUCT_NAME = "$(TARGET_NAME)";
				SWIFT_VERSION = 5.0;
				TARGETED_DEVICE_FAMILY = "1,2";
				TEST_HOST = "$(BUILT_PRODUCTS_DIR)/Prework.app/Prework";
			};
			name = Debug;
		};
		0F21948A26E98A5D00E058FF /* Release */ = {
			isa = XCBuildConfiguration;
			buildSettings = {
				ALWAYS_EMBED_SWIFT_STANDARD_LIBRARIES = YES;
				BUNDLE_LOADER = "$(TEST_HOST)";
				CODE_SIGN_STYLE = Automatic;
				INFOPLIST_FILE = PreworkTests/Info.plist;
				IPHONEOS_DEPLOYMENT_TARGET = 14.5;
				LD_RUNPATH_SEARCH_PATHS = (
					"$(inherited)",
					"@executable_path/Frameworks",
					"@loader_path/Frameworks",
				);
				PRODUCT_BUNDLE_IDENTIFIER = init.PreworkTests;
				PRODUCT_NAME = "$(TARGET_NAME)";
				SWIFT_VERSION = 5.0;
				TARGETED_DEVICE_FAMILY = "1,2";
				TEST_HOST = "$(BUILT_PRODUCTS_DIR)/Prework.app/Prework";
			};
			name = Release;
		};
		0F21948C26E98A5D00E058FF /* Debug */ = {
			isa = XCBuildConfiguration;
			buildSettings = {
				ALWAYS_EMBED_SWIFT_STANDARD_LIBRARIES = YES;
				CODE_SIGN_STYLE = Automatic;
				INFOPLIST_FILE = PreworkUITests/Info.plist;
				LD_RUNPATH_SEARCH_PATHS = (
					"$(inherited)",
					"@executable_path/Frameworks",
					"@loader_path/Frameworks",
				);
				PRODUCT_BUNDLE_IDENTIFIER = init.PreworkUITests;
				PRODUCT_NAME = "$(TARGET_NAME)";
				SWIFT_VERSION = 5.0;
				TARGETED_DEVICE_FAMILY = "1,2";
				TEST_TARGET_NAME = Prework;
			};
			name = Debug;
		};
		0F21948D26E98A5D00E058FF /* Release */ = {
			isa = XCBuildConfiguration;
			buildSettings = {
				ALWAYS_EMBED_SWIFT_STANDARD_LIBRARIES = YES;
				CODE_SIGN_STYLE = Automatic;
				INFOPLIST_FILE = PreworkUITests/Info.plist;
				LD_RUNPATH_SEARCH_PATHS = (
					"$(inherited)",
					"@executable_path/Frameworks",
					"@loader_path/Frameworks",
				);
				PRODUCT_BUNDLE_IDENTIFIER = init.PreworkUITests;
				PRODUCT_NAME = "$(TARGET_NAME)";
				SWIFT_VERSION = 5.0;
				TARGETED_DEVICE_FAMILY = "1,2";
				TEST_TARGET_NAME = Prework;
			};
			name = Release;
		};
/* End XCBuildConfiguration section */

/* Begin XCConfigurationList section */
		0F21945626E98A5C00E058FF /* Build configuration list for PBXProject "Prework" */ = {
			isa = XCConfigurationList;
			buildConfigurations = (
				0F21948326E98A5D00E058FF /* Debug */,
				0F21948426E98A5D00E058FF /* Release */,
			);
			defaultConfigurationIsVisible = 0;
			defaultConfigurationName = Release;
		};
		0F21948526E98A5D00E058FF /* Build configuration list for PBXNativeTarget "Prework" */ = {
			isa = XCConfigurationList;
			buildConfigurations = (
				0F21948626E98A5D00E058FF /* Debug */,
				0F21948726E98A5D00E058FF /* Release */,
			);
			defaultConfigurationIsVisible = 0;
			defaultConfigurationName = Release;
		};
		0F21948826E98A5D00E058FF /* Build configuration list for PBXNativeTarget "PreworkTests" */ = {
			isa = XCConfigurationList;
			buildConfigurations = (
				0F21948926E98A5D00E058FF /* Debug */,
				0F21948A26E98A5D00E058FF /* Release */,
			);
			defaultConfigurationIsVisible = 0;
			defaultConfigurationName = Release;
		};
		0F21948B26E98A5D00E058FF /* Build configuration list for PBXNativeTarget "PreworkUITests" */ = {
			isa = XCConfigurationList;
			buildConfigurations = (
				0F21948C26E98A5D00E058FF /* Debug */,
				0F21948D26E98A5D00E058FF /* Release */,
			);
			defaultConfigurationIsVisible = 0;
			defaultConfigurationName = Release;
		};
/* End XCConfigurationList section */
	};
	rootObject = 0F21945326E98A5C00E058FF /* Project object */;
}
